{
  "name": "sodium-decrypt",
  "version": "0.0.1",
  "lockfileVersion": 1,
  "requires": true,
  "dependencies": {
    "libsodium": {
      "version": "0.5.4",
      "resolved": "https://registry.npmjs.org/libsodium/-/libsodium-0.5.4.tgz",
      "integrity": "sha512-s1TQ2V23JvGby1gnCQEQncTNTGck/rtJPPA8c0TiBo9z9TpT4eUk5zThte8H1TkdoKQznneqZqyoqdrwu2btWw=="
    },
    "libsodium-wrappers": {
      "version": "0.5.4",
      "resolved": "https://registry.npmjs.org/libsodium-wrappers/-/libsodium-wrappers-0.5.4.tgz",
      "integrity": "sha512-dAYsfQgh6XwR4I65y7T5qDgb2XNKDpzXEXz229sDplaJfnAuIBTHBYlQ44jL5DIS4cCUspE3+g0kF4/Xe8286A==",
      "requires": {
        "libsodium": "0.5.4"
      }
    }
  }
}
